
Microsoft Visual Studio Solution File, Format Version 12.00
# Visual Studio 2013
VisualStudioVersion = 12.0.30723.0
MinimumVisualStudioVersion = 10.0.40219.1
Project("{FAE04EC0-301F-11D3-BF4B-00C04F79EFBC}") = "E-Discount.DB-Model", "E-Discount.DB-Model\E-Discount.DB-Model.csproj", "{ECB5AB76-AEF9-4211-9066-9BF9F0DA3322}"
EndProject
Project("{FAE04EC0-301F-11D3-BF4B-00C04F79EFBC}") = "E-Discount.Business", "E-Discount.Business\E-Discount.Business.csproj", "{6CB1BEF1-0866-48E1-8056-D232F90EB843}"
EndProject
Project("{E24C65DC-7377-472B-9ABA-BC803B73C61A}") = "E-Discount.Web", "http://localhost:1584", "{C76883D7-888C-4A5E-8E89-7CAF269D91A8}"
	ProjectSection(WebsiteProperties) = preProject
		UseIISExpress = "true"
		TargetFrameworkMoniker = ".NETFramework,Version%3Dv4.5"
		ProjectReferences = "{6cb1bef1-0866-48e1-8056-d232f90eb843}|E-Discount.Business.dll;{ECB5AB76-AEF9-4211-9066-9BF9F0DA3322}|E-Discount.DB-Model.dll;"
		Debug.AspNetCompiler.VirtualPath = "/localhost_1584"
		Debug.AspNetCompiler.PhysicalPath = "..\..\WebSites\E-Discount.Web\"
		Debug.AspNetCompiler.TargetPath = "PrecompiledWeb\localhost_1584\"
		Debug.AspNetCompiler.Updateable = "true"
		Debug.AspNetCompiler.ForceOverwrite = "true"
		Debug.AspNetCompiler.FixedNames = "false"
		Debug.AspNetCompiler.Debug = "True"
		Release.AspNetCompiler.VirtualPath = "/localhost_1584"
		Release.AspNetCompiler.PhysicalPath = "..\..\WebSites\E-Discount.Web\"
		Release.AspNetCompiler.TargetPath = "PrecompiledWeb\localhost_1584\"
		Release.AspNetCompiler.Updateable = "true"
		Release.AspNetCompiler.ForceOverwrite = "true"
		Release.AspNetCompiler.FixedNames = "false"
		Release.AspNetCompiler.Debug = "False"
		SlnRelativePath = "..\..\WebSites\E-Discount.Web\"
	EndProjectSection
EndProject
Global
	GlobalSection(SolutionConfigurationPlatforms) = preSolution
		Debug|Any CPU = Debug|Any CPU
		Release|Any CPU = Release|Any CPU
	EndGlobalSection
	GlobalSection(ProjectConfigurationPlatforms) = postSolution
		{ECB5AB76-AEF9-4211-9066-9BF9F0DA3322}.Debug|Any CPU.ActiveCfg = Debug|Any CPU
		{ECB5AB76-AEF9-4211-9066-9BF9F0DA3322}.Debug|Any CPU.Build.0 = Debug|Any CPU
		{ECB5AB76-AEF9-4211-9066-9BF9F0DA3322}.Release|Any CPU.ActiveCfg = Release|Any CPU
		{ECB5AB76-AEF9-4211-9066-9BF9F0DA3322}.Release|Any CPU.Build.0 = Release|Any CPU
		{6CB1BEF1-0866-48E1-8056-D232F90EB843}.Debug|Any CPU.ActiveCfg = Debug|Any CPU
		{6CB1BEF1-0866-48E1-8056-D232F90EB843}.Debug|Any CPU.Build.0 = Debug|Any CPU
		{6CB1BEF1-0866-48E1-8056-D232F90EB843}.Release|Any CPU.ActiveCfg = Release|Any CPU
		{6CB1BEF1-0866-48E1-8056-D232F90EB843}.Release|Any CPU.Build.0 = Release|Any CPU
		{C76883D7-888C-4A5E-8E89-7CAF269D91A8}.Debug|Any CPU.ActiveCfg = Debug|Any CPU
		{C76883D7-888C-4A5E-8E89-7CAF269D91A8}.Debug|Any CPU.Build.0 = Debug|Any CPU
		{C76883D7-888C-4A5E-8E89-7CAF269D91A8}.Release|Any CPU.ActiveCfg = Debug|Any CPU
		{C76883D7-888C-4A5E-8E89-7CAF269D91A8}.Release|Any CPU.Build.0 = Debug|Any CPU
	EndGlobalSection
	GlobalSection(SolutionProperties) = preSolution
		HideSolutionNode = FALSE
	EndGlobalSection
EndGlobal
